
Microsoft Visual Studio Solution File, Format Version 12.00
# Visual Studio Version 17
VisualStudioVersion = 17.9.34728.123
MinimumVisualStudioVersion = 10.0.40219.1
Project("{FAE04EC0-301F-11D3-BF4B-00C04F79EFBC}") = "PPAI_G13_3K4", "PPAI_G13_3K4\PPAI_G13_3K4.csproj", "{A6CF8EBC-BE97-417F-A2E6-5E66AE71813B}"
EndProject
Global
	GlobalSection(SolutionConfigurationPlatforms) = preSolution
		Debug|Any CPU = Debug|Any CPU
		Release|Any CPU = Release|Any CPU
	EndGlobalSection
	GlobalSection(ProjectConfigurationPlatforms) = postSolution
		{A6CF8EBC-BE97-417F-A2E6-5E66AE71813B}.Debug|Any CPU.ActiveCfg = Debug|Any CPU
		{A6CF8EBC-BE97-417F-A2E6-5E66AE71813B}.Debug|Any CPU.Build.0 = Debug|Any CPU
		{A6CF8EBC-BE97-417F-A2E6-5E66AE71813B}.Release|Any CPU.ActiveCfg = Release|Any CPU
		{A6CF8EBC-BE97-417F-A2E6-5E66AE71813B}.Release|Any CPU.Build.0 = Release|Any CPU
	EndGlobalSection
	GlobalSection(SolutionProperties) = preSolution
		HideSolutionNode = FALSE
	EndGlobalSection
	GlobalSection(ExtensibilityGlobals) = postSolution
		SolutionGuid = {59FC20DD-43BC-421C-B5E2-9901228BE563}
	EndGlobalSection
EndGlobal
